<?xml version="1.0" encoding="utf-8"?>
<Project ToolsVersion="4.0" xmlns="http://schemas.microsoft.com/developer/msbuild/2003">
  <ItemGroup>
    <Filter Include="소스 파일">
      <UniqueIdentifier>{4FC737F1-C7A5-4376-A066-2A32D752A2FF}</UniqueIdentifier>
      <Extensions>cpp;c;cc;cxx;c++;cppm;ixx;def;odl;idl;hpj;bat;asm;asmx</Extensions>
    </Filter>
    <Filter Include="헤더 파일">
      <UniqueIdentifier>{93995380-89BD-4b04-88EB-625FBE52EBFB}</UniqueIdentifier>
      <Extensions>h;hh;hpp;hxx;h++;hm;inl;inc;ipp;xsd</Extensions>
    </Filter>
    <Filter Include="리소스 파일">
      <UniqueIdentifier>{67DA6AB6-F800-4c08-8B7A-83BB121AAD01}</UniqueIdentifier>
      <Extensions>rc;ico;cur;bmp;dlg;rc2;rct;bin;rgs;gif;jpg;jpeg;jpe;resx;tiff;tif;png;wav;mfcribbon-ms</Extensions>
    </Filter>
    <Filter Include="소스 파일\Core">
      <UniqueIdentifier>{4d43f68d-6402-4dd5-8e94-5a784eef165e}</UniqueIdentifier>
    </Filter>
    <Filter Include="헤더 파일\Core">
      <UniqueIdentifier>{5e3752b3-9926-4ba8-b149-22bb17908e73}</UniqueIdentifier>
    </Filter>
    <Filter Include="헤더 파일\Odbc">
      <UniqueIdentifier>{ffb5d429-54fd-41ca-92a0-cabefaa53ef6}</UniqueIdentifier>
    </Filter>
    <Filter Include="소스 파일\Odbc">
      <UniqueIdentifier>{06246c11-8228-4b66-a9ae-0d2326c5f97d}</UniqueIdentifier>
    </Filter>
    <Filter Include="헤더 파일\Schema">
      <UniqueIdentifier>{e23cab2b-bd92-4afb-b262-08d22075e733}</UniqueIdentifier>
    </Filter>
    <Filter Include="소스 파일\Schema">
      <UniqueIdentifier>{73f5f040-c901-4a0c-aceb-dc11c1a8f225}</UniqueIdentifier>
    </Filter>
    <Filter Include="헤더 파일\Account">
      <UniqueIdentifier>{57b5e610-808c-48cd-ab0a-73b7af1dd4ab}</UniqueIdentifier>
    </Filter>
    <Filter Include="소스 파일\Account">
      <UniqueIdentifier>{6334921d-69c9-49de-9ad6-59b56db208b5}</UniqueIdentifier>
    </Filter>
  </ItemGroup>
  <ItemGroup>
    <ClInclude Include="Core\DatabaseError.h">
      <Filter>헤더 파일\Core</Filter>
    </ClInclude>
    <ClInclude Include="Odbc\OdbcDiagnosticContext.h">
      <Filter>헤더 파일\Odbc</Filter>
    </ClInclude>
    <ClInclude Include="Odbc\OdbcEnvironment.h">
      <Filter>헤더 파일\Odbc</Filter>
    </ClInclude>
    <ClInclude Include="Odbc\OdbcDiagnostic.h">
      <Filter>헤더 파일\Odbc</Filter>
    </ClInclude>
    <ClInclude Include="Core\PersistenceRuntime.h">
      <Filter>헤더 파일\Core</Filter>
    </ClInclude>
    <ClInclude Include="Odbc\OdbcConnection.h">
      <Filter>헤더 파일\Odbc</Filter>
    </ClInclude>
    <ClInclude Include="Odbc\OdbcStatement.h">
      <Filter>헤더 파일\Odbc</Filter>
    </ClInclude>
    <ClInclude Include="Schema\DatabaseSchema.h">
      <Filter>헤더 파일</Filter>
    </ClInclude>
    <ClInclude Include="Account\AccountRepository.h">
      <Filter>헤더 파일\Account</Filter>
    </ClInclude>
  </ItemGroup>
  <ItemGroup>
    <ClCompile Include="Core\DatabaseError.cpp">
      <Filter>소스 파일\Core</Filter>
    </ClCompile>
    <ClCompile Include="Odbc\OdbcEnvironment.cpp">
      <Filter>소스 파일\Odbc</Filter>
    </ClCompile>
    <ClCompile Include="Odbc\OdbcDiagnostic.cpp">
      <Filter>소스 파일\Odbc</Filter>
    </ClCompile>
    <ClCompile Include="Core\PersistenceRuntime.cpp">
      <Filter>소스 파일\Core</Filter>
    </ClCompile>
    <ClCompile Include="Odbc\OdbcStatement.cpp">
      <Filter>소스 파일\Odbc</Filter>
    </ClCompile>
    <ClCompile Include="Odbc\OdbcConnection.cpp">
      <Filter>소스 파일\Odbc</Filter>
    </ClCompile>
    <ClCompile Include="Schema\DatabaseSchema.cpp">
      <Filter>소스 파일</Filter>
    </ClCompile>
    <ClCompile Include="Account\AccountRepository.cpp">
      <Filter>소스 파일\Account</Filter>
    </ClCompile>
  </ItemGroup>
</Project>