<?xml version="1.0" encoding="utf-8"?>
<Project ToolsVersion="4.0" xmlns="http://schemas.microsoft.com/developer/msbuild/2003">
  <ItemGroup>
    <Filter Include="소스 파일">
      <UniqueIdentifier>{4FC737F1-C7A5-4376-A066-2A32D752A2FF}</UniqueIdentifier>
      <Extensions>cpp;c;cc;cxx;c++;cppm;ixx;def;odl;idl;hpj;bat;asm;asmx</Extensions>
    </Filter>
    <Filter Include="헤더 파일">
      <UniqueIdentifier>{93995380-89BD-4b04-88EB-625FBE52EBFB}</UniqueIdentifier>
      <Extensions>h;hh;hpp;hxx;h++;hm;inl;inc;ipp;xsd</Extensions>
    </Filter>
    <Filter Include="리소스 파일">
      <UniqueIdentifier>{67DA6AB6-F800-4c08-8B7A-83BB121AAD01}</UniqueIdentifier>
      <Extensions>rc;ico;cur;bmp;dlg;rc2;rct;bin;rgs;gif;jpg;jpeg;jpe;resx;tiff;tif;png;wav;mfcribbon-ms</Extensions>
    </Filter>
    <Filter Include="헤더 파일\Net">
      <UniqueIdentifier>{b3805301-9a1a-4dee-a3ff-c631bb8c26fc}</UniqueIdentifier>
    </Filter>
    <Filter Include="소스 파일\Net">
      <UniqueIdentifier>{9943753d-d712-45f5-88a3-86bcc5c8a642}</UniqueIdentifier>
    </Filter>
    <Filter Include="헤더 파일\Packet">
      <UniqueIdentifier>{19105fea-04cf-46f2-8ad3-84133176eb88}</UniqueIdentifier>
    </Filter>
    <Filter Include="헤더 파일\Game">
      <UniqueIdentifier>{0b19edd0-2ef7-4ad0-a859-6a4ae9937a01}</UniqueIdentifier>
    </Filter>
    <Filter Include="헤더 파일\Log">
      <UniqueIdentifier>{7c7a3502-dac8-4485-a6a7-bc0ab4addfb2}</UniqueIdentifier>
    </Filter>
    <Filter Include="소스 파일\Log">
      <UniqueIdentifier>{cc4947a5-0dd4-4917-8831-43b1461669fd}</UniqueIdentifier>
    </Filter>
    <Filter Include="소스 파일\Threading">
      <UniqueIdentifier>{8b737eba-74de-4d5c-af70-2e2293b48a2f}</UniqueIdentifier>
    </Filter>
    <Filter Include="헤더 파일\Threading">
      <UniqueIdentifier>{06b00ff4-879a-49d2-a6b8-7330118cc561}</UniqueIdentifier>
    </Filter>
    <Filter Include="헤더 파일\String">
      <UniqueIdentifier>{2b410671-318b-4118-9154-ab0815690ff8}</UniqueIdentifier>
    </Filter>
    <Filter Include="헤더 파일\Time">
      <UniqueIdentifier>{d5d22f42-bea4-400c-89e7-48f5ab6af1b4}</UniqueIdentifier>
    </Filter>
    <Filter Include="헤더 파일\Config">
      <UniqueIdentifier>{3c7d05db-ab8c-431a-96fd-5652e05f5291}</UniqueIdentifier>
    </Filter>
    <Filter Include="헤더 파일\Packet\Serialization">
      <UniqueIdentifier>{ad5f5169-3b03-40cb-bde8-3f7e210d1732}</UniqueIdentifier>
    </Filter>
    <Filter Include="헤더 파일\Packet\Game">
      <UniqueIdentifier>{f3b31893-a873-49bc-92bf-986c40b6b730}</UniqueIdentifier>
    </Filter>
    <Filter Include="헤더 파일\Net\Snapshot">
      <UniqueIdentifier>{b10e4ec1-3b53-49be-a948-a4b863fd0f69}</UniqueIdentifier>
    </Filter>
    <Filter Include="헤더 파일\Net\Fault">
      <UniqueIdentifier>{5a62726e-58e5-4947-a586-8fa254e27f72}</UniqueIdentifier>
    </Filter>
    <Filter Include="헤더 파일\Net\Reliable">
      <UniqueIdentifier>{e3efc807-3b87-49c9-ba30-1f5e07b09186}</UniqueIdentifier>
    </Filter>
    <Filter Include="소스 파일\Net\Fault">
      <UniqueIdentifier>{a8c0ed73-1bc1-4acb-a49e-a09e8a2f5f98}</UniqueIdentifier>
    </Filter>
    <Filter Include="소스 파일\String">
      <UniqueIdentifier>{13bf52cd-c946-497e-a008-56a70f419f78}</UniqueIdentifier>
    </Filter>
    <Filter Include="헤더 파일\Packet\Account">
      <UniqueIdentifier>{1250ec11-d599-4a18-abfb-b4d505c2864d}</UniqueIdentifier>
    </Filter>
    <Filter Include="헤더 파일\Identity">
      <UniqueIdentifier>{ec3f1128-e17c-44f5-a497-ba368bd9a361}</UniqueIdentifier>
    </Filter>
    <Filter Include="소스 파일\Time">
      <UniqueIdentifier>{25236bdd-58f0-4d8f-9a65-478bc1175eb2}</UniqueIdentifier>
    </Filter>
    <Filter Include="헤더 파일\Packet\Control">
      <UniqueIdentifier>{0fdae92c-1f3c-4ef6-82c1-043f02301218}</UniqueIdentifier>
    </Filter>
  </ItemGroup>
  <ItemGroup>
    <ClInclude Include="Net\Endpoint.h">
      <Filter>헤더 파일\Net</Filter>
    </ClInclude>
    <ClInclude Include="Net\UdpTypes.h">
      <Filter>헤더 파일\Net</Filter>
    </ClInclude>
    <ClInclude Include="Net\UdpContext.h">
      <Filter>헤더 파일\Net</Filter>
    </ClInclude>
    <ClInclude Include="Net\Socket.h">
      <Filter>헤더 파일\Net</Filter>
    </ClInclude>
    <ClInclude Include="Packet\PacketType.h">
      <Filter>헤더 파일\Packet</Filter>
    </ClInclude>
    <ClInclude Include="Packet\PacketHeader.h">
      <Filter>헤더 파일\Packet</Filter>
    </ClInclude>
    <ClInclude Include="Net\WsaSession.h">
      <Filter>헤더 파일\Net</Filter>
    </ClInclude>
    <ClInclude Include="Game\SimulationConstants.h">
      <Filter>헤더 파일\Game</Filter>
    </ClInclude>
    <ClInclude Include="Game\Movement.h">
      <Filter>헤더 파일\Game</Filter>
    </ClInclude>
    <ClInclude Include="Game\WorldCollision.h">
      <Filter>헤더 파일\Game</Filter>
    </ClInclude>
    <ClInclude Include="Game\RoomLayout.h">
      <Filter>헤더 파일\Game</Filter>
    </ClInclude>
    <ClInclude Include="Net\IocpHandle.h">
      <Filter>헤더 파일\Net</Filter>
    </ClInclude>
    <ClInclude Include="Game\GameRules.h">
      <Filter>헤더 파일\Game</Filter>
    </ClInclude>
    <ClInclude Include="Game\GameTypes.h">
      <Filter>헤더 파일\Game</Filter>
    </ClInclude>
    <ClInclude Include="Log\LogLevel.h">
      <Filter>헤더 파일\Log</Filter>
    </ClInclude>
    <ClInclude Include="Log\ConsoleLogger.h">
      <Filter>헤더 파일\Log</Filter>
    </ClInclude>
    <ClInclude Include="Packet\PacketValidation.h">
      <Filter>헤더 파일\Packet</Filter>
    </ClInclude>
    <ClInclude Include="Game\WeaponRules.h">
      <Filter>헤더 파일\Game</Filter>
    </ClInclude>
    <ClInclude Include="Game\InputFlags.h">
      <Filter>헤더 파일\Game</Filter>
    </ClInclude>
    <ClInclude Include="Packet\PacketConstants.h">
      <Filter>헤더 파일\Packet</Filter>
    </ClInclude>
    <ClInclude Include="Packet\PacketSerialization.h">
      <Filter>헤더 파일\Packet</Filter>
    </ClInclude>
    <ClInclude Include="Threading\ThreadPool.h">
      <Filter>헤더 파일\Threading</Filter>
    </ClInclude>
    <ClInclude Include="Log\AsyncLogWriter.h">
      <Filter>헤더 파일\Log</Filter>
    </ClInclude>
    <ClInclude Include="Log\ILogger.h">
      <Filter>헤더 파일\Log</Filter>
    </ClInclude>
    <ClInclude Include="String\StringFormat.h">
      <Filter>헤더 파일\String</Filter>
    </ClInclude>
    <ClInclude Include="Packet\PacketBuffer.h">
      <Filter>헤더 파일\Packet</Filter>
    </ClInclude>
    <ClInclude Include="Time\TimeTypes.h">
      <Filter>헤더 파일\Time</Filter>
    </ClInclude>
    <ClInclude Include="Packet\PacketReliability.h">
      <Filter>헤더 파일\Packet</Filter>
    </ClInclude>
    <ClInclude Include="Config\ConfigText.h">
      <Filter>헤더 파일\Config</Filter>
    </ClInclude>
    <ClInclude Include="Log\LogFormatter.h">
      <Filter>헤더 파일\Log</Filter>
    </ClInclude>
    <ClInclude Include="Log\LogRecord.h">
      <Filter>헤더 파일\Log</Filter>
    </ClInclude>
    <ClInclude Include="Log\NullLogger.h">
      <Filter>헤더 파일\Log</Filter>
    </ClInclude>
    <ClInclude Include="Log\LogMessageBuilder.h">
      <Filter>헤더 파일\Log</Filter>
    </ClInclude>
    <ClInclude Include="Log\AsyncLogWriterGuard.h">
      <Filter>헤더 파일\Log</Filter>
    </ClInclude>
    <ClInclude Include="Log\DebugOutputLogger.h">
      <Filter>헤더 파일\Log</Filter>
    </ClInclude>
    <ClInclude Include="Packet\Serialization\PacketSerializationCore.h">
      <Filter>헤더 파일\Packet\Serialization</Filter>
    </ClInclude>
    <ClInclude Include="Packet\Serialization\PacketCodec.h">
      <Filter>헤더 파일\Packet\Serialization</Filter>
    </ClInclude>
    <ClInclude Include="Packet\Serialization\PacketReader.h">
      <Filter>헤더 파일\Packet\Serialization</Filter>
    </ClInclude>
    <ClInclude Include="Packet\Serialization\PacketWriter.h">
      <Filter>헤더 파일\Packet\Serialization</Filter>
    </ClInclude>
    <ClInclude Include="Packet\Game\GamePacket.h">
      <Filter>헤더 파일\Packet\Game</Filter>
    </ClInclude>
    <ClInclude Include="Packet\Game\GamePacketCodec.h">
      <Filter>헤더 파일\Packet\Game</Filter>
    </ClInclude>
    <ClInclude Include="Net\Fault\UdpFaultDecisionGenerator.h">
      <Filter>헤더 파일\Net\Fault</Filter>
    </ClInclude>
    <ClInclude Include="Net\Fault\UdpFaultPacketScheduler.h">
      <Filter>헤더 파일\Net\Fault</Filter>
    </ClInclude>
    <ClInclude Include="Net\Fault\UdpFaultSimulationConfig.h">
      <Filter>헤더 파일\Net\Fault</Filter>
    </ClInclude>
    <ClInclude Include="Net\Fault\UdpFaultSimulator.h">
      <Filter>헤더 파일\Net\Fault</Filter>
    </ClInclude>
    <ClInclude Include="Net\Reliable\ReliableUdpPacketBuilder.h">
      <Filter>헤더 파일\Net\Reliable</Filter>
    </ClInclude>
    <ClInclude Include="Net\Reliable\ReliableUdpPacketHeader.h">
      <Filter>헤더 파일\Net\Reliable</Filter>
    </ClInclude>
    <ClInclude Include="Net\Reliable\ReliableUdpPacketSerialization.h">
      <Filter>헤더 파일\Net\Reliable</Filter>
    </ClInclude>
    <ClInclude Include="Net\Reliable\ReliableUdpProtocol.h">
      <Filter>헤더 파일\Net\Reliable</Filter>
    </ClInclude>
    <ClInclude Include="Net\Reliable\ReliableUdpSendWindow.h">
      <Filter>헤더 파일\Net\Reliable</Filter>
    </ClInclude>
    <ClInclude Include="Net\Reliable\ReliableUdpSession.h">
      <Filter>헤더 파일\Net\Reliable</Filter>
    </ClInclude>
    <ClInclude Include="Net\Snapshot\SnapshotChunkAssemblerCore.h">
      <Filter>헤더 파일\Net\Snapshot</Filter>
    </ClInclude>
    <ClInclude Include="Packet\Game\SessionPacket.h">
      <Filter>헤더 파일\Packet\Game</Filter>
    </ClInclude>
    <ClInclude Include="Packet\Game\SessionPacketCodec.h">
      <Filter>헤더 파일\Packet\Game</Filter>
    </ClInclude>
    <ClInclude Include="Packet\Game\RoomPacket.h">
      <Filter>헤더 파일\Packet\Game</Filter>
    </ClInclude>
    <ClInclude Include="Packet\Game\RoomPacketCodec.h">
      <Filter>헤더 파일\Packet\Game</Filter>
    </ClInclude>
    <ClInclude Include="Packet\Game\CommandPacket.h">
      <Filter>헤더 파일\Packet\Game</Filter>
    </ClInclude>
    <ClInclude Include="Packet\Game\CommandPacketCodec.h">
      <Filter>헤더 파일\Packet\Game</Filter>
    </ClInclude>
    <ClInclude Include="Packet\Game\SnapshotPacket.h">
      <Filter>헤더 파일\Packet\Game</Filter>
    </ClInclude>
    <ClInclude Include="Packet\Game\SnapshotPacketCodec.h">
      <Filter>헤더 파일\Packet\Game</Filter>
    </ClInclude>
    <ClInclude Include="Packet\Game\EffectPacket.h">
      <Filter>헤더 파일\Packet\Game</Filter>
    </ClInclude>
    <ClInclude Include="Packet\Game\EffectPacketCodec.h">
      <Filter>헤더 파일\Packet\Game</Filter>
    </ClInclude>
    <ClInclude Include="Packet\Serialization\PacketWireValidation.h">
      <Filter>헤더 파일\Packet\Serialization</Filter>
    </ClInclude>
    <ClInclude Include="Packet\Game\GamePacketValidation.h">
      <Filter>헤더 파일\Packet\Game</Filter>
    </ClInclude>
    <ClInclude Include="Packet\Game\GamePacketConstants.h">
      <Filter>헤더 파일\Packet\Game</Filter>
    </ClInclude>
    <ClInclude Include="String\UtfConversion.h">
      <Filter>헤더 파일\String</Filter>
    </ClInclude>
    <ClInclude Include="Packet\Account\AccountPacket.h">
      <Filter>헤더 파일\Packet\Account</Filter>
    </ClInclude>
    <ClInclude Include="Packet\Account\AccountPacketCodec.h">
      <Filter>헤더 파일\Packet\Account</Filter>
    </ClInclude>
    <ClInclude Include="Net\SessionToken.h">
      <Filter>헤더 파일\Net</Filter>
    </ClInclude>
    <ClInclude Include="Identity\IdentityTypes.h">
      <Filter>헤더 파일\Identity</Filter>
    </ClInclude>
    <ClInclude Include="Time\SystemDateTime.h">
      <Filter>헤더 파일\Time</Filter>
    </ClInclude>
    <ClInclude Include="Game\EffectType.h">
      <Filter>헤더 파일\Game</Filter>
    </ClInclude>
    <ClInclude Include="Net\Reliable\ReliableUdpConfig.h">
      <Filter>헤더 파일\Net\Reliable</Filter>
    </ClInclude>
    <ClInclude Include="Net\EndpointKey.h">
      <Filter>헤더 파일\Net</Filter>
    </ClInclude>
    <ClInclude Include="Packet\Control\ControlPacket.h">
      <Filter>헤더 파일\Packet\Control</Filter>
    </ClInclude>
    <ClInclude Include="Packet\Control\ControlPacketCodec.h">
      <Filter>헤더 파일\Packet\Control</Filter>
    </ClInclude>
  </ItemGroup>
  <ItemGroup>
    <ClCompile Include="Net\Socket.cpp">
      <Filter>소스 파일\Net</Filter>
    </ClCompile>
    <ClCompile Include="Net\UdpContext.cpp">
      <Filter>소스 파일\Net</Filter>
    </ClCompile>
    <ClCompile Include="Net\WsaSession.cpp">
      <Filter>소스 파일\Net</Filter>
    </ClCompile>
    <ClCompile Include="Log\ConsoleLogger.cpp">
      <Filter>소스 파일\Log</Filter>
    </ClCompile>
    <ClCompile Include="Net\IocpHandle.cpp">
      <Filter>소스 파일\Net</Filter>
    </ClCompile>
    <ClCompile Include="Threading\ThreadPool.cpp">
      <Filter>소스 파일\Threading</Filter>
    </ClCompile>
    <ClCompile Include="Log\AsyncLogWriter.cpp">
      <Filter>소스 파일\Log</Filter>
    </ClCompile>
    <ClCompile Include="Log\DebugOutputLogger.cpp">
      <Filter>소스 파일\Log</Filter>
    </ClCompile>
    <ClCompile Include="Net\Fault\UdpFaultDecisionGenerator.cpp">
      <Filter>소스 파일\Net\Fault</Filter>
    </ClCompile>
    <ClCompile Include="Net\Fault\UdpFaultPacketScheduler.cpp">
      <Filter>소스 파일\Net\Fault</Filter>
    </ClCompile>
    <ClCompile Include="Net\Fault\UdpFaultSimulator.cpp">
      <Filter>소스 파일\Net\Fault</Filter>
    </ClCompile>
    <ClCompile Include="String\UtfConversion.cpp">
      <Filter>소스 파일\String</Filter>
    </ClCompile>
    <ClCompile Include="Time\SystemDateTime.cpp">
      <Filter>소스 파일\Time</Filter>
    </ClCompile>
  </ItemGroup>
</Project>