<?xml version="1.0" encoding="utf-8"?>
<Project ToolsVersion="4.0" xmlns="http://schemas.microsoft.com/developer/msbuild/2003">
  <ItemGroup>
    <Filter Include="소스 파일">
      <UniqueIdentifier>{4FC737F1-C7A5-4376-A066-2A32D752A2FF}</UniqueIdentifier>
      <Extensions>cpp;c;cc;cxx;c++;cppm;ixx;def;odl;idl;hpj;bat;asm;asmx</Extensions>
    </Filter>
    <Filter Include="헤더 파일">
      <UniqueIdentifier>{93995380-89BD-4b04-88EB-625FBE52EBFB}</UniqueIdentifier>
      <Extensions>h;hh;hpp;hxx;h++;hm;inl;inc;ipp;xsd</Extensions>
    </Filter>
    <Filter Include="리소스 파일">
      <UniqueIdentifier>{67DA6AB6-F800-4c08-8B7A-83BB121AAD01}</UniqueIdentifier>
      <Extensions>rc;ico;cur;bmp;dlg;rc2;rct;bin;rgs;gif;jpg;jpeg;jpe;resx;tiff;tif;png;wav;mfcribbon-ms</Extensions>
    </Filter>
    <Filter Include="헤더 파일\Net">
      <UniqueIdentifier>{b3805301-9a1a-4dee-a3ff-c631bb8c26fc}</UniqueIdentifier>
    </Filter>
    <Filter Include="소스 파일\Net">
      <UniqueIdentifier>{9943753d-d712-45f5-88a3-86bcc5c8a642}</UniqueIdentifier>
    </Filter>
    <Filter Include="헤더 파일\Packet">
      <UniqueIdentifier>{19105fea-04cf-46f2-8ad3-84133176eb88}</UniqueIdentifier>
    </Filter>
    <Filter Include="헤더 파일\Game">
      <UniqueIdentifier>{0b19edd0-2ef7-4ad0-a859-6a4ae9937a01}</UniqueIdentifier>
    </Filter>
    <Filter Include="헤더 파일\Log">
      <UniqueIdentifier>{7c7a3502-dac8-4485-a6a7-bc0ab4addfb2}</UniqueIdentifier>
    </Filter>
    <Filter Include="소스 파일\Log">
      <UniqueIdentifier>{cc4947a5-0dd4-4917-8831-43b1461669fd}</UniqueIdentifier>
    </Filter>
    <Filter Include="소스 파일\Threading">
      <UniqueIdentifier>{8b737eba-74de-4d5c-af70-2e2293b48a2f}</UniqueIdentifier>
    </Filter>
    <Filter Include="헤더 파일\Threading">
      <UniqueIdentifier>{06b00ff4-879a-49d2-a6b8-7330118cc561}</UniqueIdentifier>
    </Filter>
    <Filter Include="헤더 파일\String">
      <UniqueIdentifier>{2b410671-318b-4118-9154-ab0815690ff8}</UniqueIdentifier>
    </Filter>
    <Filter Include="헤더 파일\Time">
      <UniqueIdentifier>{d5d22f42-bea4-400c-89e7-48f5ab6af1b4}</UniqueIdentifier>
    </Filter>
  </ItemGroup>
  <ItemGroup>
    <ClInclude Include="Net\Endpoint.h">
      <Filter>헤더 파일\Net</Filter>
    </ClInclude>
    <ClInclude Include="Net\UdpTypes.h">
      <Filter>헤더 파일\Net</Filter>
    </ClInclude>
    <ClInclude Include="Net\UdpContext.h">
      <Filter>헤더 파일\Net</Filter>
    </ClInclude>
    <ClInclude Include="Net\Socket.h">
      <Filter>헤더 파일\Net</Filter>
    </ClInclude>
    <ClInclude Include="Packet\PacketType.h">
      <Filter>헤더 파일\Packet</Filter>
    </ClInclude>
    <ClInclude Include="Packet\PacketHeader.h">
      <Filter>헤더 파일\Packet</Filter>
    </ClInclude>
    <ClInclude Include="Packet\GamePacket.h">
      <Filter>헤더 파일\Packet</Filter>
    </ClInclude>
    <ClInclude Include="Net\WsaSession.h">
      <Filter>헤더 파일\Net</Filter>
    </ClInclude>
    <ClInclude Include="Game\SimulationConstants.h">
      <Filter>헤더 파일\Game</Filter>
    </ClInclude>
    <ClInclude Include="Game\Movement.h">
      <Filter>헤더 파일\Game</Filter>
    </ClInclude>
    <ClInclude Include="Game\WorldCollision.h">
      <Filter>헤더 파일\Game</Filter>
    </ClInclude>
    <ClInclude Include="Game\RoomLayout.h">
      <Filter>헤더 파일\Game</Filter>
    </ClInclude>
    <ClInclude Include="Net\IocpHandle.h">
      <Filter>헤더 파일\Net</Filter>
    </ClInclude>
    <ClInclude Include="Game\GameRules.h">
      <Filter>헤더 파일\Game</Filter>
    </ClInclude>
    <ClInclude Include="Game\GameTypes.h">
      <Filter>헤더 파일\Game</Filter>
    </ClInclude>
    <ClInclude Include="Log\LogLevel.h">
      <Filter>헤더 파일\Log</Filter>
    </ClInclude>
    <ClInclude Include="Log\ConsoleLogger.h">
      <Filter>헤더 파일\Log</Filter>
    </ClInclude>
    <ClInclude Include="Packet\PacketValidation.h">
      <Filter>헤더 파일\Packet</Filter>
    </ClInclude>
    <ClInclude Include="Game\WeaponRules.h">
      <Filter>헤더 파일\Game</Filter>
    </ClInclude>
    <ClInclude Include="Game\InputFlags.h">
      <Filter>헤더 파일\Game</Filter>
    </ClInclude>
    <ClInclude Include="Net\SnapshotChunkAssemblerCore.h">
      <Filter>헤더 파일\Net</Filter>
    </ClInclude>
    <ClInclude Include="Packet\PacketConstants.h">
      <Filter>헤더 파일\Packet</Filter>
    </ClInclude>
    <ClInclude Include="Packet\PacketSerialization.h">
      <Filter>헤더 파일\Packet</Filter>
    </ClInclude>
    <ClInclude Include="Threading\ThreadPool.h">
      <Filter>헤더 파일\Threading</Filter>
    </ClInclude>
    <ClInclude Include="Log\AsyncLogWriter.h">
      <Filter>헤더 파일\Log</Filter>
    </ClInclude>
    <ClInclude Include="Log\ILogger.h">
      <Filter>헤더 파일\Log</Filter>
    </ClInclude>
    <ClInclude Include="String\StringFormat.h">
      <Filter>헤더 파일\String</Filter>
    </ClInclude>
    <ClInclude Include="Net\ReliableUdpProtocol.h">
      <Filter>헤더 파일\Net</Filter>
    </ClInclude>
    <ClInclude Include="Net\ReliableUdpSendWindow.h">
      <Filter>헤더 파일\Net</Filter>
    </ClInclude>
    <ClInclude Include="Net\ReliableUdpPacketHeader.h">
      <Filter>헤더 파일\Net</Filter>
    </ClInclude>
    <ClInclude Include="Packet\ReliableUdpPacketSerialization.h">
      <Filter>헤더 파일\Packet</Filter>
    </ClInclude>
    <ClInclude Include="Net\ReliableUdpSession.h">
      <Filter>헤더 파일\Net</Filter>
    </ClInclude>
    <ClInclude Include="Packet\ReliableUdpPacketBuilder.h">
      <Filter>헤더 파일\Packet</Filter>
    </ClInclude>
    <ClInclude Include="Packet\PacketBuffer.h">
      <Filter>헤더 파일\Packet</Filter>
    </ClInclude>
    <ClInclude Include="Time\TimeTypes.h">
      <Filter>헤더 파일\Time</Filter>
    </ClInclude>
  </ItemGroup>
  <ItemGroup>
    <ClCompile Include="Net\Socket.cpp">
      <Filter>소스 파일\Net</Filter>
    </ClCompile>
    <ClCompile Include="Net\UdpContext.cpp">
      <Filter>소스 파일\Net</Filter>
    </ClCompile>
    <ClCompile Include="Net\WsaSession.cpp">
      <Filter>소스 파일\Net</Filter>
    </ClCompile>
    <ClCompile Include="Log\ConsoleLogger.cpp">
      <Filter>소스 파일\Log</Filter>
    </ClCompile>
    <ClCompile Include="Net\IocpHandle.cpp">
      <Filter>소스 파일\Net</Filter>
    </ClCompile>
    <ClCompile Include="Threading\ThreadPool.cpp">
      <Filter>소스 파일\Threading</Filter>
    </ClCompile>
    <ClCompile Include="Log\AsyncLogWriter.cpp">
      <Filter>소스 파일\Log</Filter>
    </ClCompile>
  </ItemGroup>
</Project>